// !$*UTF8*$!
{
	archiveVersion = 1;
	classes = {
	};
	objectVersion = 50;
	objects = {

/* Begin PBXBuildFile section */
		1A2519992547891E00B3968F /* AppDelegate.swift in Sources */ = {isa = PBXBuildFile; fileRef = 1A2519982547891E00B3968F /* AppDelegate.swift */; };
		1A25199B2547891E00B3968F /* SceneDelegate.swift in Sources */ = {isa = PBXBuildFile; fileRef = 1A25199A2547891E00B3968F /* SceneDelegate.swift */; };
		1A25199D2547891E00B3968F /* ViewController.swift in Sources */ = {isa = PBXBuildFile; fileRef = 1A25199C2547891E00B3968F /* ViewController.swift */; };
		1A2519A02547891E00B3968F /* Main.storyboard in Resources */ = {isa = PBXBuildFile; fileRef = 1A25199E2547891E00B3968F /* Main.storyboard */; };
		1A2519A22547892000B3968F /* Assets.xcassets in Resources */ = {isa = PBXBuildFile; fileRef = 1A2519A12547892000B3968F /* Assets.xcassets */; };
		1A2519A52547892000B3968F /* LaunchScreen.storyboard in Resources */ = {isa = PBXBuildFile; fileRef = 1A2519A32547892000B3968F /* LaunchScreen.storyboard */; };
		1A2519B02547892100B3968F /* daw_purchasesTests.swift in Sources */ = {isa = PBXBuildFile; fileRef = 1A2519AF2547892100B3968F /* daw_purchasesTests.swift */; };
		1A2519BB2547892100B3968F /* daw_purchasesUITests.swift in Sources */ = {isa = PBXBuildFile; fileRef = 1A2519BA2547892100B3968F /* daw_purchasesUITests.swift */; };
/* End PBXBuildFile section */

/* Begin PBXContainerItemProxy section */
		1A2519AC2547892100B3968F /* PBXContainerItemProxy */ = {
			isa = PBXContainerItemProxy;
			containerPortal = 1A25198D2547891E00B3968F /* Project object */;
			proxyType = 1;
			remoteGlobalIDString = 1A2519942547891E00B3968F;
			remoteInfo = "daw-purchases";
		};
		1A2519B72547892100B3968F /* PBXContainerItemProxy */ = {
			isa = PBXContainerItemProxy;
			containerPortal = 1A25198D2547891E00B3968F /* Project object */;
			proxyType = 1;
			remoteGlobalIDString = 1A2519942547891E00B3968F;
			remoteInfo = "daw-purchases";
		};
/* End PBXContainerItemProxy section */

/* Begin PBXFileReference section */
		1A2519952547891E00B3968F /* daw-purchases.app */ = {isa = PBXFileReference; explicitFileType = wrapper.application; includeInIndex = 0; path = "daw-purchases.app"; sourceTree = BUILT_PRODUCTS_DIR; };
		1A2519982547891E00B3968F /* AppDelegate.swift */ = {isa = PBXFileReference; lastKnownFileType = sourcecode.swift; path = AppDelegate.swift; sourceTree = "<group>"; };
		1A25199A2547891E00B3968F /* SceneDelegate.swift */ = {isa = PBXFileReference; lastKnownFileType = sourcecode.swift; path = SceneDelegate.swift; sourceTree = "<group>"; };
		1A25199C2547891E00B3968F /* ViewController.swift */ = {isa = PBXFileReference; lastKnownFileType = sourcecode.swift; path = ViewController.swift; sourceTree = "<group>"; };
		1A25199F2547891E00B3968F /* Base */ = {isa = PBXFileReference; lastKnownFileType = file.storyboard; name = Base; path = Base.lproj/Main.storyboard; sourceTree = "<group>"; };
		1A2519A12547892000B3968F /* Assets.xcassets */ = {isa = PBXFileReference; lastKnownFileType = folder.assetcatalog; path = Assets.xcassets; sourceTree = "<group>"; };
		1A2519A42547892000B3968F /* Base */ = {isa = PBXFileReference; lastKnownFileType = file.storyboard; name = Base; path = Base.lproj/LaunchScreen.storyboard; sourceTree = "<group>"; };
		1A2519A62547892000B3968F /* Info.plist */ = {isa = PBXFileReference; lastKnownFileType = text.plist.xml; path = Info.plist; sourceTree = "<group>"; };
		1A2519AB2547892100B3968F /* daw-purchasesTests.xctest */ = {isa = PBXFileReference; explicitFileType = wrapper.cfbundle; includeInIndex = 0; path = "daw-purchasesTests.xctest"; sourceTree = BUILT_PRODUCTS_DIR; };
		1A2519AF2547892100B3968F /* daw_purchasesTests.swift */ = {isa = PBXFileReference; lastKnownFileType = sourcecode.swift; path = daw_purchasesTests.swift; sourceTree = "<group>"; };
		1A2519B12547892100B3968F /* Info.plist */ = {isa = PBXFileReference; lastKnownFileType = text.plist.xml; path = Info.plist; sourceTree = "<group>"; };
		1A2519B62547892100B3968F /* daw-purchasesUITests.xctest */ = {isa = PBXFileReference; explicitFileType = wrapper.cfbundle; includeInIndex = 0; path = "daw-purchasesUITests.xctest"; sourceTree = BUILT_PRODUCTS_DIR; };
		1A2519BA2547892100B3968F /* daw_purchasesUITests.swift */ = {isa = PBXFileReference; lastKnownFileType = sourcecode.swift; path = daw_purchasesUITests.swift; sourceTree = "<group>"; };
		1A2519BC2547892100B3968F /* Info.plist */ = {isa = PBXFileReference; lastKnownFileType = text.plist.xml; path = Info.plist; sourceTree = "<group>"; };
/* End PBXFileReference section */

/* Begin PBXFrameworksBuildPhase section */
		1A2519922547891E00B3968F /* Frameworks */ = {
			isa = PBXFrameworksBuildPhase;
			buildActionMask = 2147483647;
			files = (
			);
			runOnlyForDeploymentPostprocessing = 0;
		};
		1A2519A82547892100B3968F /* Frameworks */ = {
			isa = PBXFrameworksBuildPhase;
			buildActionMask = 2147483647;
			files = (
			);
			runOnlyForDeploymentPostprocessing = 0;
		};
		1A2519B32547892100B3968F /* Frameworks */ = {
			isa = PBXFrameworksBuildPhase;
			buildActionMask = 2147483647;
			files = (
			);
			runOnlyForDeploymentPostprocessing = 0;
		};
/* End PBXFrameworksBuildPhase section */

/* Begin PBXGroup section */
		1A25198C2547891E00B3968F = {
			isa = PBXGroup;
			children = (
				1A2519972547891E00B3968F /* daw-purchases */,
				1A2519AE2547892100B3968F /* daw-purchasesTests */,
				1A2519B92547892100B3968F /* daw-purchasesUITests */,
				1A2519962547891E00B3968F /* Products */,
			);
			sourceTree = "<group>";
		};
		1A2519962547891E00B3968F /* Products */ = {
			isa = PBXGroup;
			children = (
				1A2519952547891E00B3968F /* daw-purchases.app */,
				1A2519AB2547892100B3968F /* daw-purchasesTests.xctest */,
				1A2519B62547892100B3968F /* daw-purchasesUITests.xctest */,
			);
			name = Products;
			sourceTree = "<group>";
		};
		1A2519972547891E00B3968F /* daw-purchases */ = {
			isa = PBXGroup;
			children = (
				1A2519982547891E00B3968F /* AppDelegate.swift */,
				1A25199A2547891E00B3968F /* SceneDelegate.swift */,
				1A25199C2547891E00B3968F /* ViewController.swift */,
				1A25199E2547891E00B3968F /* Main.storyboard */,
				1A2519A12547892000B3968F /* Assets.xcassets */,
				1A2519A32547892000B3968F /* LaunchScreen.storyboard */,
				1A2519A62547892000B3968F /* Info.plist */,
			);
			path = "daw-purchases";
			sourceTree = "<group>";
		};
		1A2519AE2547892100B3968F /* daw-purchasesTests */ = {
			isa = PBXGroup;
			children = (
				1A2519AF2547892100B3968F /* daw_purchasesTests.swift */,
				1A2519B12547892100B3968F /* Info.plist */,
			);
			path = "daw-purchasesTests";
			sourceTree = "<group>";
		};
		1A2519B92547892100B3968F /* daw-purchasesUITests */ = {
			isa = PBXGroup;
			children = (
				1A2519BA2547892100B3968F /* daw_purchasesUITests.swift */,
				1A2519BC2547892100B3968F /* Info.plist */,
			);
			path = "daw-purchasesUITests";
			sourceTree = "<group>";
		};
/* End PBXGroup section */

/* Begin PBXNativeTarget section */
		1A2519942547891E00B3968F /* daw-purchases */ = {
			isa = PBXNativeTarget;
			buildConfigurationList = 1A2519BF2547892100B3968F /* Build configuration list for PBXNativeTarget "daw-purchases" */;
			buildPhases = (
				1A2519912547891E00B3968F /* Sources */,
				1A2519922547891E00B3968F /* Frameworks */,
				1A2519932547891E00B3968F /* Resources */,
			);
			buildRules = (
			);
			dependencies = (
			);
			name = "daw-purchases";
			productName = "daw-purchases";
			productReference = 1A2519952547891E00B3968F /* daw-purchases.app */;
			productType = "com.apple.product-type.application";
		};
		1A2519AA2547892100B3968F /* daw-purchasesTests */ = {
			isa = PBXNativeTarget;
			buildConfigurationList = 1A2519C22547892100B3968F /* Build configuration list for PBXNativeTarget "daw-purchasesTests" */;
			buildPhases = (
				1A2519A72547892100B3968F /* Sources */,
				1A2519A82547892100B3968F /* Frameworks */,
				1A2519A92547892100B3968F /* Resources */,
			);
			buildRules = (
			);
			dependencies = (
				1A2519AD2547892100B3968F /* PBXTargetDependency */,
			);
			name = "daw-purchasesTests";
			productName = "daw-purchasesTests";
			productReference = 1A2519AB2547892100B3968F /* daw-purchasesTests.xctest */;
			productType = "com.apple.product-type.bundle.unit-test";
		};
		1A2519B52547892100B3968F /* daw-purchasesUITests */ = {
			isa = PBXNativeTarget;
			buildConfigurationList = 1A2519C52547892100B3968F /* Build configuration list for PBXNativeTarget "daw-purchasesUITests" */;
			buildPhases = (
				1A2519B22547892100B3968F /* Sources */,
				1A2519B32547892100B3968F /* Frameworks */,
				1A2519B42547892100B3968F /* Resources */,
			);
			buildRules = (
			);
			dependencies = (
				1A2519B82547892100B3968F /* PBXTargetDependency */,
			);
			name = "daw-purchasesUITests";
			productName = "daw-purchasesUITests";
			productReference = 1A2519B62547892100B3968F /* daw-purchasesUITests.xctest */;
			productType = "com.apple.product-type.bundle.ui-testing";
		};
/* End PBXNativeTarget section */

/* Begin PBXProject section */
		1A25198D2547891E00B3968F /* Project object */ = {
			isa = PBXProject;
			attributes = {
				LastSwiftUpdateCheck = 1150;
				LastUpgradeCheck = 1150;
				ORGANIZATIONNAME = "Tran Loc";
				TargetAttributes = {
					1A2519942547891E00B3968F = {
						CreatedOnToolsVersion = 11.5;
					};
					1A2519AA2547892100B3968F = {
						CreatedOnToolsVersion = 11.5;
						TestTargetID = 1A2519942547891E00B3968F;
					};
					1A2519B52547892100B3968F = {
						CreatedOnToolsVersion = 11.5;
						TestTargetID = 1A2519942547891E00B3968F;
					};
				};
			};
			buildConfigurationList = 1A2519902547891E00B3968F /* Build configuration list for PBXProject "daw-purchases" */;
			compatibilityVersion = "Xcode 9.3";
			developmentRegion = en;
			hasScannedForEncodings = 0;
			knownRegions = (
				en,
				Base,
			);
			mainGroup = 1A25198C2547891E00B3968F;
			productRefGroup = 1A2519962547891E00B3968F /* Products */;
			projectDirPath = "";
			projectRoot = "";
			targets = (
				1A2519942547891E00B3968F /* daw-purchases */,
				1A2519AA2547892100B3968F /* daw-purchasesTests */,
				1A2519B52547892100B3968F /* daw-purchasesUITests */,
			);
		};
/* End PBXProject section */

/* Begin PBXResourcesBuildPhase section */
		1A2519932547891E00B3968F /* Resources */ = {
			isa = PBXResourcesBuildPhase;
			buildActionMask = 2147483647;
			files = (
				1A2519A52547892000B3968F /* LaunchScreen.storyboard in Resources */,
				1A2519A22547892000B3968F /* Assets.xcassets in Resources */,
				1A2519A02547891E00B3968F /* Main.storyboard in Resources */,
			);
			runOnlyForDeploymentPostprocessing = 0;
		};
		1A2519A92547892100B3968F /* Resources */ = {
			isa = PBXResourcesBuildPhase;
			buildActionMask = 2147483647;
			files = (
			);
			runOnlyForDeploymentPostprocessing = 0;
		};
		1A2519B42547892100B3968F /* Resources */ = {
			isa = PBXResourcesBuildPhase;
			buildActionMask = 2147483647;
			files = (
			);
			runOnlyForDeploymentPostprocessing = 0;
		};
/* End PBXResourcesBuildPhase section */

/* Begin PBXSourcesBuildPhase section */
		1A2519912547891E00B3968F /* Sources */ = {
			isa = PBXSourcesBuildPhase;
			buildActionMask = 2147483647;
			files = (
				1A25199D2547891E00B3968F /* ViewController.swift in Sources */,
				1A2519992547891E00B3968F /* AppDelegate.swift in Sources */,
				1A25199B2547891E00B3968F /* SceneDelegate.swift in Sources */,
			);
			runOnlyForDeploymentPostprocessing = 0;
		};
		1A2519A72547892100B3968F /* Sources */ = {
			isa = PBXSourcesBuildPhase;
			buildActionMask = 2147483647;
			files = (
				1A2519B02547892100B3968F /* daw_purchasesTests.swift in Sources */,
			);
			runOnlyForDeploymentPostprocessing = 0;
		};
		1A2519B22547892100B3968F /* Sources */ = {
			isa = PBXSourcesBuildPhase;
			buildActionMask = 2147483647;
			files = (
				1A2519BB2547892100B3968F /* daw_purchasesUITests.swift in Sources */,
			);
			runOnlyForDeploymentPostprocessing = 0;
		};
/* End PBXSourcesBuildPhase section */

/* Begin PBXTargetDependency section */
		1A2519AD2547892100B3968F /* PBXTargetDependency */ = {
			isa = PBXTargetDependency;
			target = 1A2519942547891E00B3968F /* daw-purchases */;
			targetProxy = 1A2519AC2547892100B3968F /* PBXContainerItemProxy */;
		};
		1A2519B82547892100B3968F /* PBXTargetDependency */ = {
			isa = PBXTargetDependency;
			target = 1A2519942547891E00B3968F /* daw-purchases */;
			targetProxy = 1A2519B72547892100B3968F /* PBXContainerItemProxy */;
		};
/* End PBXTargetDependency section */

/* Begin PBXVariantGroup section */
		1A25199E2547891E00B3968F /* Main.storyboard */ = {
			isa = PBXVariantGroup;
			children = (
				1A25199F2547891E00B3968F /* Base */,
			);
			name = Main.storyboard;
			sourceTree = "<group>";
		};
		1A2519A32547892000B3968F /* LaunchScreen.storyboard */ = {
			isa = PBXVariantGroup;
			children = (
				1A2519A42547892000B3968F /* Base */,
			);
			name = LaunchScreen.storyboard;
			sourceTree = "<group>";
		};
/* End PBXVariantGroup section */

/* Begin XCBuildConfiguration section */
		1A2519BD2547892100B3968F /* Debug */ = {
			isa = XCBuildConfiguration;
			buildSettings = {
				ALWAYS_SEARCH_USER_PATHS = NO;
				CLANG_ANALYZER_NONNULL = YES;
				CLANG_ANALYZER_NUMBER_OBJECT_CONVERSION = YES_AGGRESSIVE;
				CLANG_CXX_LANGUAGE_STANDARD = "gnu++14";
				CLANG_CXX_LIBRARY = "libc++";
				CLANG_ENABLE_MODULES = YES;
				CLANG_ENABLE_OBJC_ARC = YES;
				CLANG_ENABLE_OBJC_WEAK = YES;
				CLANG_WARN_BLOCK_CAPTURE_AUTORELEASING = YES;
				CLANG_WARN_BOOL_CONVERSION = YES;
				CLANG_WARN_COMMA = YES;
				CLANG_WARN_CONSTANT_CONVERSION = YES;
				CLANG_WARN_DEPRECATED_OBJC_IMPLEMENTATIONS = YES;
				CLANG_WARN_DIRECT_OBJC_ISA_USAGE = YES_ERROR;
				CLANG_WARN_DOCUMENTATION_COMMENTS = YES;
				CLANG_WARN_EMPTY_BODY = YES;
				CLANG_WARN_ENUM_CONVERSION = YES;
				CLANG_WARN_INFINITE_RECURSION = YES;
				CLANG_WARN_INT_CONVERSION = YES;
				CLANG_WARN_NON_LITERAL_NULL_CONVERSION = YES;
				CLANG_WARN_OBJC_IMPLICIT_RETAIN_SELF = YES;
				CLANG_WARN_OBJC_LITERAL_CONVERSION = YES;
				CLANG_WARN_OBJC_ROOT_CLASS = YES_ERROR;
				CLANG_WARN_RANGE_LOOP_ANALYSIS = YES;
				CLANG_WARN_STRICT_PROTOTYPES = YES;
				CLANG_WARN_SUSPICIOUS_MOVE = YES;
				CLANG_WARN_UNGUARDED_AVAILABILITY = YES_AGGRESSIVE;
				CLANG_WARN_UNREACHABLE_CODE = YES;
				CLANG_WARN__DUPLICATE_METHOD_MATCH = YES;
				COPY_PHASE_STRIP = NO;
				DEBUG_INFORMATION_FORMAT = dwarf;
				ENABLE_STRICT_OBJC_MSGSEND = YES;
				ENABLE_TESTABILITY = YES;
				GCC_C_LANGUAGE_STANDARD = gnu11;
				GCC_DYNAMIC_NO_PIC = NO;
				GCC_NO_COMMON_BLOCKS = YES;
				GCC_OPTIMIZATION_LEVEL = 0;
				GCC_PREPROCESSOR_DEFINITIONS = (
					"DEBUG=1",
					"$(inherited)",
				);
				GCC_WARN_64_TO_32_BIT_CONVERSION = YES;
				GCC_WARN_ABOUT_RETURN_TYPE = YES_ERROR;
				GCC_WARN_UNDECLARED_SELECTOR = YES;
				GCC_WARN_UNINITIALIZED_AUTOS = YES_AGGRESSIVE;
				GCC_WARN_UNUSED_FUNCTION = YES;
				GCC_WARN_UNUSED_VARIABLE = YES;
				IPHONEOS_DEPLOYMENT_TARGET = 13.5;
				MTL_ENABLE_DEBUG_INFO = INCLUDE_SOURCE;
				MTL_FAST_MATH = YES;
				ONLY_ACTIVE_ARCH = YES;
				SDKROOT = iphoneos;
				SWIFT_ACTIVE_COMPILATION_CONDITIONS = DEBUG;
				SWIFT_OPTIMIZATION_LEVEL = "-Onone";
			};
			name = Debug;
		};
		1A2519BE2547892100B3968F /* Release */ = {
			isa = XCBuildConfiguration;
			buildSettings = {
				ALWAYS_SEARCH_USER_PATHS = NO;
				CLANG_ANALYZER_NONNULL = YES;
				CLANG_ANALYZER_NUMBER_OBJECT_CONVERSION = YES_AGGRESSIVE;
				CLANG_CXX_LANGUAGE_STANDARD = "gnu++14";
				CLANG_CXX_LIBRARY = "libc++";
				CLANG_ENABLE_MODULES = YES;
				CLANG_ENABLE_OBJC_ARC = YES;
				CLANG_ENABLE_OBJC_WEAK = YES;
				CLANG_WARN_BLOCK_CAPTURE_AUTORELEASING = YES;
				CLANG_WARN_BOOL_CONVERSION = YES;
				CLANG_WARN_COMMA = YES;
				CLANG_WARN_CONSTANT_CONVERSION = YES;
				CLANG_WARN_DEPRECATED_OBJC_IMPLEMENTATIONS = YES;
				CLANG_WARN_DIRECT_OBJC_ISA_USAGE = YES_ERROR;
				CLANG_WARN_DOCUMENTATION_COMMENTS = YES;
				CLANG_WARN_EMPTY_BODY = YES;
				CLANG_WARN_ENUM_CONVERSION = YES;
				CLANG_WARN_INFINITE_RECURSION = YES;
				CLANG_WARN_INT_CONVERSION = YES;
				CLANG_WARN_NON_LITERAL_NULL_CONVERSION = YES;
				CLANG_WARN_OBJC_IMPLICIT_RETAIN_SELF = YES;
				CLANG_WARN_OBJC_LITERAL_CONVERSION = YES;
				CLANG_WARN_OBJC_ROOT_CLASS = YES_ERROR;
				CLANG_WARN_RANGE_LOOP_ANALYSIS = YES;
				CLANG_WARN_STRICT_PROTOTYPES = YES;
				CLANG_WARN_SUSPICIOUS_MOVE = YES;
				CLANG_WARN_UNGUARDED_AVAILABILITY = YES_AGGRESSIVE;
				CLANG_WARN_UNREACHABLE_CODE = YES;
				CLANG_WARN__DUPLICATE_METHOD_MATCH = YES;
				COPY_PHASE_STRIP = NO;
				DEBUG_INFORMATION_FORMAT = "dwarf-with-dsym";
				ENABLE_NS_ASSERTIONS = NO;
				ENABLE_STRICT_OBJC_MSGSEND = YES;
				GCC_C_LANGUAGE_STANDARD = gnu11;
				GCC_NO_COMMON_BLOCKS = YES;
				GCC_WARN_64_TO_32_BIT_CONVERSION = YES;
				GCC_WARN_ABOUT_RETURN_TYPE = YES_ERROR;
				GCC_WARN_UNDECLARED_SELECTOR = YES;
				GCC_WARN_UNINITIALIZED_AUTOS = YES_AGGRESSIVE;
				GCC_WARN_UNUSED_FUNCTION = YES;
				GCC_WARN_UNUSED_VARIABLE = YES;
				IPHONEOS_DEPLOYMENT_TARGET = 13.5;
				MTL_ENABLE_DEBUG_INFO = NO;
				MTL_FAST_MATH = YES;
				SDKROOT = iphoneos;
				SWIFT_COMPILATION_MODE = wholemodule;
				SWIFT_OPTIMIZATION_LEVEL = "-O";
				VALIDATE_PRODUCT = YES;
			};
			name = Release;
		};
		1A2519C02547892100B3968F /* Debug */ = {
			isa = XCBuildConfiguration;
			buildSettings = {
				ASSETCATALOG_COMPILER_APPICON_NAME = AppIcon;
				CODE_SIGN_STYLE = Automatic;
				INFOPLIST_FILE = "daw-purchases/Info.plist";
				LD_RUNPATH_SEARCH_PATHS = (
					"$(inherited)",
					"@executable_path/Frameworks",
				);
				PRODUCT_BUNDLE_IDENTIFIER = "com.ascend.daw-purchases";
				PRODUCT_NAME = "$(TARGET_NAME)";
				SWIFT_VERSION = 5.0;
				TARGETED_DEVICE_FAMILY = "1,2";
			};
			name = Debug;
		};
		1A2519C12547892100B3968F /* Release */ = {
			isa = XCBuildConfiguration;
			buildSettings = {
				ASSETCATALOG_COMPILER_APPICON_NAME = AppIcon;
				CODE_SIGN_STYLE = Automatic;
				INFOPLIST_FILE = "daw-purchases/Info.plist";
				LD_RUNPATH_SEARCH_PATHS = (
					"$(inherited)",
					"@executable_path/Frameworks",
				);
				PRODUCT_BUNDLE_IDENTIFIER = "com.ascend.daw-purchases";
				PRODUCT_NAME = "$(TARGET_NAME)";
				SWIFT_VERSION = 5.0;
				TARGETED_DEVICE_FAMILY = "1,2";
			};
			name = Release;
		};
		1A2519C32547892100B3968F /* Debug */ = {
			isa = XCBuildConfiguration;
			buildSettings = {
				ALWAYS_EMBED_SWIFT_STANDARD_LIBRARIES = YES;
				BUNDLE_LOADER = "$(TEST_HOST)";
				CODE_SIGN_STYLE = Automatic;
				INFOPLIST_FILE = "daw-purchasesTests/Info.plist";
				IPHONEOS_DEPLOYMENT_TARGET = 13.5;
				LD_RUNPATH_SEARCH_PATHS = (
					"$(inherited)",
					"@executable_path/Frameworks",
					"@loader_path/Frameworks",
				);
				PRODUCT_BUNDLE_IDENTIFIER = "com.ascend.daw-purchasesTests";
				PRODUCT_NAME = "$(TARGET_NAME)";
				SWIFT_VERSION = 5.0;
				TARGETED_DEVICE_FAMILY = "1,2";
				TEST_HOST = "$(BUILT_PRODUCTS_DIR)/daw-purchases.app/daw-purchases";
			};
			name = Debug;
		};
		1A2519C42547892100B3968F /* Release */ = {
			isa = XCBuildConfiguration;
			buildSettings = {
				ALWAYS_EMBED_SWIFT_STANDARD_LIBRARIES = YES;
				BUNDLE_LOADER = "$(TEST_HOST)";
				CODE_SIGN_STYLE = Automatic;
				INFOPLIST_FILE = "daw-purchasesTests/Info.plist";
				IPHONEOS_DEPLOYMENT_TARGET = 13.5;
				LD_RUNPATH_SEARCH_PATHS = (
					"$(inherited)",
					"@executable_path/Frameworks",
					"@loader_path/Frameworks",
				);
				PRODUCT_BUNDLE_IDENTIFIER = "com.ascend.daw-purchasesTests";
				PRODUCT_NAME = "$(TARGET_NAME)";
				SWIFT_VERSION = 5.0;
				TARGETED_DEVICE_FAMILY = "1,2";
				TEST_HOST = "$(BUILT_PRODUCTS_DIR)/daw-purchases.app/daw-purchases";
			};
			name = Release;
		};
		1A2519C62547892100B3968F /* Debug */ = {
			isa = XCBuildConfiguration;
			buildSettings = {
				ALWAYS_EMBED_SWIFT_STANDARD_LIBRARIES = YES;
				CODE_SIGN_STYLE = Automatic;
				INFOPLIST_FILE = "daw-purchasesUITests/Info.plist";
				LD_RUNPATH_SEARCH_PATHS = (
					"$(inherited)",
					"@executable_path/Frameworks",
					"@loader_path/Frameworks",
				);
				PRODUCT_BUNDLE_IDENTIFIER = "com.ascend.daw-purchasesUITests";
				PRODUCT_NAME = "$(TARGET_NAME)";
				SWIFT_VERSION = 5.0;
				TARGETED_DEVICE_FAMILY = "1,2";
				TEST_TARGET_NAME = "daw-purchases";
			};
			name = Debug;
		};
		1A2519C72547892100B3968F /* Release */ = {
			isa = XCBuildConfiguration;
			buildSettings = {
				ALWAYS_EMBED_SWIFT_STANDARD_LIBRARIES = YES;
				CODE_SIGN_STYLE = Automatic;
				INFOPLIST_FILE = "daw-purchasesUITests/Info.plist";
				LD_RUNPATH_SEARCH_PATHS = (
					"$(inherited)",
					"@executable_path/Frameworks",
					"@loader_path/Frameworks",
				);
				PRODUCT_BUNDLE_IDENTIFIER = "com.ascend.daw-purchasesUITests";
				PRODUCT_NAME = "$(TARGET_NAME)";
				SWIFT_VERSION = 5.0;
				TARGETED_DEVICE_FAMILY = "1,2";
				TEST_TARGET_NAME = "daw-purchases";
			};
			name = Release;
		};
/* End XCBuildConfiguration section */

/* Begin XCConfigurationList section */
		1A2519902547891E00B3968F /* Build configuration list for PBXProject "daw-purchases" */ = {
			isa = XCConfigurationList;
			buildConfigurations = (
				1A2519BD2547892100B3968F /* Debug */,
				1A2519BE2547892100B3968F /* Release */,
			);
			defaultConfigurationIsVisible = 0;
			defaultConfigurationName = Release;
		};
		1A2519BF2547892100B3968F /* Build configuration list for PBXNativeTarget "daw-purchases" */ = {
			isa = XCConfigurationList;
			buildConfigurations = (
				1A2519C02547892100B3968F /* Debug */,
				1A2519C12547892100B3968F /* Release */,
			);
			defaultConfigurationIsVisible = 0;
			defaultConfigurationName = Release;
		};
		1A2519C22547892100B3968F /* Build configuration list for PBXNativeTarget "daw-purchasesTests" */ = {
			isa = XCConfigurationList;
			buildConfigurations = (
				1A2519C32547892100B3968F /* Debug */,
				1A2519C42547892100B3968F /* Release */,
			);
			defaultConfigurationIsVisible = 0;
			defaultConfigurationName = Release;
		};
		1A2519C52547892100B3968F /* Build configuration list for PBXNativeTarget "daw-purchasesUITests" */ = {
			isa = XCConfigurationList;
			buildConfigurations = (
				1A2519C62547892100B3968F /* Debug */,
				1A2519C72547892100B3968F /* Release */,
			);
			defaultConfigurationIsVisible = 0;
			defaultConfigurationName = Release;
		};
/* End XCConfigurationList section */
	};
	rootObject = 1A25198D2547891E00B3968F /* Project object */;
}
